
Microsoft Visual Studio Solution File, Format Version 12.00
# Visual Studio Version 17
VisualStudioVersion = 17.6.33815.320
MinimumVisualStudioVersion = 10.0.40219.1
Project("{FAE04EC0-301F-11D3-BF4B-00C04F79EFBC}") = "WpfApp4", "WpfApp4\WpfApp4.csproj", "{1451FD93-BC5F-4ABA-9050-4F46C12C7071}"
EndProject
Global
	GlobalSection(SolutionConfigurationPlatforms) = preSolution
		Debug|Any CPU = Debug|Any CPU
		Release|Any CPU = Release|Any CPU
	EndGlobalSection
	GlobalSection(ProjectConfigurationPlatforms) = postSolution
		{1451FD93-BC5F-4ABA-9050-4F46C12C7071}.Debug|Any CPU.ActiveCfg = Debug|Any CPU
		{1451FD93-BC5F-4ABA-9050-4F46C12C7071}.Debug|Any CPU.Build.0 = Debug|Any CPU
		{1451FD93-BC5F-4ABA-9050-4F46C12C7071}.Release|Any CPU.ActiveCfg = Release|Any CPU
		{1451FD93-BC5F-4ABA-9050-4F46C12C7071}.Release|Any CPU.Build.0 = Release|Any CPU
	EndGlobalSection
	GlobalSection(SolutionProperties) = preSolution
		HideSolutionNode = FALSE
	EndGlobalSection
	GlobalSection(ExtensibilityGlobals) = postSolution
		SolutionGuid = {2EFFB25A-6D64-4F4D-A5F1-FEC535EF7A5D}
	EndGlobalSection
EndGlobal
